
Microsoft Visual Studio Solution File, Format Version 12.00
# Visual Studio Version 17
VisualStudioVersion = 17.14.36908.2 d17.14
MinimumVisualStudioVersion = 10.0.40219.1
Project("{F2A71F9B-5D33-465A-A702-920D77279786}") = "CanopyScraper", "CanopyScraper\CanopyScraper.fsproj", "{82A2A76E-0E37-4170-84F9-F4F483E3C88C}"
EndProject
Global
	GlobalSection(SolutionConfigurationPlatforms) = preSolution
		Debug|Any CPU = Debug|Any CPU
		Release|Any CPU = Release|Any CPU
	EndGlobalSection
	GlobalSection(ProjectConfigurationPlatforms) = postSolution
		{82A2A76E-0E37-4170-84F9-F4F483E3C88C}.Debug|Any CPU.ActiveCfg = Debug|Any CPU
		{82A2A76E-0E37-4170-84F9-F4F483E3C88C}.Debug|Any CPU.Build.0 = Debug|Any CPU
		{82A2A76E-0E37-4170-84F9-F4F483E3C88C}.Release|Any CPU.ActiveCfg = Release|Any CPU
		{82A2A76E-0E37-4170-84F9-F4F483E3C88C}.Release|Any CPU.Build.0 = Release|Any CPU
	EndGlobalSection
	GlobalSection(SolutionProperties) = preSolution
		HideSolutionNode = FALSE
	EndGlobalSection
	GlobalSection(ExtensibilityGlobals) = postSolution
		SolutionGuid = {8E24C4D0-7E04-4A83-A11F-E7A62267BB1A}
	EndGlobalSection
EndGlobal
